
Microsoft Visual Studio Solution File, Format Version 12.00
# Visual Studio Version 17
VisualStudioVersion = 17.2.32630.192
MinimumVisualStudioVersion = 10.0.40219.1
Project("{FAE04EC0-301F-11D3-BF4B-00C04F79EFBC}") = "T15EHD22", "T15EHD22\T15EHD22.csproj", "{34D60E25-87B2-4A81-B075-EC0E620C824B}"
EndProject
Global
	GlobalSection(SolutionConfigurationPlatforms) = preSolution
		Debug|Any CPU = Debug|Any CPU
		Release|Any CPU = Release|Any CPU
	EndGlobalSection
	GlobalSection(ProjectConfigurationPlatforms) = postSolution
		{34D60E25-87B2-4A81-B075-EC0E620C824B}.Debug|Any CPU.ActiveCfg = Debug|Any CPU
		{34D60E25-87B2-4A81-B075-EC0E620C824B}.Debug|Any CPU.Build.0 = Debug|Any CPU
		{34D60E25-87B2-4A81-B075-EC0E620C824B}.Release|Any CPU.ActiveCfg = Release|Any CPU
		{34D60E25-87B2-4A81-B075-EC0E620C824B}.Release|Any CPU.Build.0 = Release|Any CPU
	EndGlobalSection
	GlobalSection(SolutionProperties) = preSolution
		HideSolutionNode = FALSE
	EndGlobalSection
	GlobalSection(ExtensibilityGlobals) = postSolution
		SolutionGuid = {007C9253-AC30-4920-BECA-F41807FF5C56}
	EndGlobalSection
EndGlobal
